
Microsoft Visual Studio Solution File, Format Version 12.00
# Visual Studio Version 17
VisualStudioVersion = 17.9.34728.123
MinimumVisualStudioVersion = 10.0.40219.1
Project("{FAE04EC0-301F-11D3-BF4B-00C04F79EFBC}") = "DemoHooks", "DemoHooks.csproj", "{A7F7861E-EE96-4B05-BD0D-B2109535B8F1}"
EndProject
Global
	GlobalSection(SolutionConfigurationPlatforms) = preSolution
		Debug|Any CPU = Debug|Any CPU
		Release|Any CPU = Release|Any CPU
	EndGlobalSection
	GlobalSection(ProjectConfigurationPlatforms) = postSolution
		{A7F7861E-EE96-4B05-BD0D-B2109535B8F1}.Debug|Any CPU.ActiveCfg = Debug|Any CPU
		{A7F7861E-EE96-4B05-BD0D-B2109535B8F1}.Debug|Any CPU.Build.0 = Debug|Any CPU
		{A7F7861E-EE96-4B05-BD0D-B2109535B8F1}.Release|Any CPU.ActiveCfg = Release|Any CPU
		{A7F7861E-EE96-4B05-BD0D-B2109535B8F1}.Release|Any CPU.Build.0 = Release|Any CPU
	EndGlobalSection
	GlobalSection(SolutionProperties) = preSolution
		HideSolutionNode = FALSE
	EndGlobalSection
	GlobalSection(ExtensibilityGlobals) = postSolution
		SolutionGuid = {9E4A0AC0-B7AF-4127-B916-B14829C3D8EF}
	EndGlobalSection
EndGlobal
